
Microsoft Visual Studio Solution File, Format Version 12.00
# Visual Studio 15
VisualStudioVersion = 15.0.27703.2018
MinimumVisualStudioVersion = 10.0.40219.1
Project("{2150E333-8FDC-42A3-9474-1A3956D46DE8}") = "01 Server", "01 Server", "{D3595CEC-A2C0-4AAF-A444-E153EF6519E6}"
EndProject
Project("{2150E333-8FDC-42A3-9474-1A3956D46DE8}") = "02 Service", "02 Service", "{60820C3F-42E2-4BEA-8D64-26BDC6B99F1F}"
EndProject
Project("{2150E333-8FDC-42A3-9474-1A3956D46DE8}") = "03 Repository", "03 Repository", "{E38B48E2-B479-48AE-8C83-45435D3972C9}"
EndProject
Project("{2150E333-8FDC-42A3-9474-1A3956D46DE8}") = "04 Model", "04 Model", "{8F97C4D7-A4D8-4A9C-B4FD-8EB1B75C82EA}"
EndProject
Project("{2150E333-8FDC-42A3-9474-1A3956D46DE8}") = "05 Common", "05 Common", "{545AEFD8-AA2F-44FD-82DC-E35A397D8AB9}"
EndProject
Project("{2150E333-8FDC-42A3-9474-1A3956D46DE8}") = "06 utility", "06 utility", "{BEAF27B6-FCA0-48B2-8D80-45AA6444B465}"
EndProject
Project("{FAE04EC0-301F-11D3-BF4B-00C04F79EFBC}") = "Service", "Service\Service.csproj", "{56FBB341-757B-4AE0-A2F8-C3C566B10F49}"
EndProject
Project("{FAE04EC0-301F-11D3-BF4B-00C04F79EFBC}") = "Repository", "Repository\Repository.csproj", "{E4F00474-0C54-49FE-B412-FF7610FC551D}"
EndProject
Project("{FAE04EC0-301F-11D3-BF4B-00C04F79EFBC}") = "Model", "Model\Model.csproj", "{617E7E28-C901-4A2A-84A4-D5DAEB42B08B}"
EndProject
Project("{FAE04EC0-301F-11D3-BF4B-00C04F79EFBC}") = "RequestModel", "RequestModel\RequestModel.csproj", "{70AC7343-800C-411F-9482-5A65B4A08882}"
EndProject
Project("{FAE04EC0-301F-11D3-BF4B-00C04F79EFBC}") = "ViewModel", "ViewModel\ViewModel.csproj", "{15CCEBD1-8B01-44D9-BD04-5D295AACC3CE}"
EndProject
Project("{FAE04EC0-301F-11D3-BF4B-00C04F79EFBC}") = "Common", "Common\Common.csproj", "{A7550178-96F5-4A1D-9FA1-0E07D84DF452}"
EndProject
Project("{FAE04EC0-301F-11D3-BF4B-00C04F79EFBC}") = "LmsApp.Server", "LmsApp.Server\LmsApp.Server.csproj", "{FF35295F-C3A8-48C9-A343-C4F9130174CA}"
EndProject
Global
	GlobalSection(SolutionConfigurationPlatforms) = preSolution
		Debug|Any CPU = Debug|Any CPU
		Release|Any CPU = Release|Any CPU
	EndGlobalSection
	GlobalSection(ProjectConfigurationPlatforms) = postSolution
		{56FBB341-757B-4AE0-A2F8-C3C566B10F49}.Debug|Any CPU.ActiveCfg = Debug|Any CPU
		{56FBB341-757B-4AE0-A2F8-C3C566B10F49}.Debug|Any CPU.Build.0 = Debug|Any CPU
		{56FBB341-757B-4AE0-A2F8-C3C566B10F49}.Release|Any CPU.ActiveCfg = Release|Any CPU
		{56FBB341-757B-4AE0-A2F8-C3C566B10F49}.Release|Any CPU.Build.0 = Release|Any CPU
		{E4F00474-0C54-49FE-B412-FF7610FC551D}.Debug|Any CPU.ActiveCfg = Debug|Any CPU
		{E4F00474-0C54-49FE-B412-FF7610FC551D}.Debug|Any CPU.Build.0 = Debug|Any CPU
		{E4F00474-0C54-49FE-B412-FF7610FC551D}.Release|Any CPU.ActiveCfg = Release|Any CPU
		{E4F00474-0C54-49FE-B412-FF7610FC551D}.Release|Any CPU.Build.0 = Release|Any CPU
		{617E7E28-C901-4A2A-84A4-D5DAEB42B08B}.Debug|Any CPU.ActiveCfg = Debug|Any CPU
		{617E7E28-C901-4A2A-84A4-D5DAEB42B08B}.Debug|Any CPU.Build.0 = Debug|Any CPU
		{617E7E28-C901-4A2A-84A4-D5DAEB42B08B}.Release|Any CPU.ActiveCfg = Release|Any CPU
		{617E7E28-C901-4A2A-84A4-D5DAEB42B08B}.Release|Any CPU.Build.0 = Release|Any CPU
		{70AC7343-800C-411F-9482-5A65B4A08882}.Debug|Any CPU.ActiveCfg = Debug|Any CPU
		{70AC7343-800C-411F-9482-5A65B4A08882}.Debug|Any CPU.Build.0 = Debug|Any CPU
		{70AC7343-800C-411F-9482-5A65B4A08882}.Release|Any CPU.ActiveCfg = Release|Any CPU
		{70AC7343-800C-411F-9482-5A65B4A08882}.Release|Any CPU.Build.0 = Release|Any CPU
		{15CCEBD1-8B01-44D9-BD04-5D295AACC3CE}.Debug|Any CPU.ActiveCfg = Debug|Any CPU
		{15CCEBD1-8B01-44D9-BD04-5D295AACC3CE}.Debug|Any CPU.Build.0 = Debug|Any CPU
		{15CCEBD1-8B01-44D9-BD04-5D295AACC3CE}.Release|Any CPU.ActiveCfg = Release|Any CPU
		{15CCEBD1-8B01-44D9-BD04-5D295AACC3CE}.Release|Any CPU.Build.0 = Release|Any CPU
		{A7550178-96F5-4A1D-9FA1-0E07D84DF452}.Debug|Any CPU.ActiveCfg = Debug|Any CPU
		{A7550178-96F5-4A1D-9FA1-0E07D84DF452}.Debug|Any CPU.Build.0 = Debug|Any CPU
		{A7550178-96F5-4A1D-9FA1-0E07D84DF452}.Release|Any CPU.ActiveCfg = Release|Any CPU
		{A7550178-96F5-4A1D-9FA1-0E07D84DF452}.Release|Any CPU.Build.0 = Release|Any CPU
		{FF35295F-C3A8-48C9-A343-C4F9130174CA}.Debug|Any CPU.ActiveCfg = Debug|Any CPU
		{FF35295F-C3A8-48C9-A343-C4F9130174CA}.Debug|Any CPU.Build.0 = Debug|Any CPU
		{FF35295F-C3A8-48C9-A343-C4F9130174CA}.Release|Any CPU.ActiveCfg = Release|Any CPU
		{FF35295F-C3A8-48C9-A343-C4F9130174CA}.Release|Any CPU.Build.0 = Release|Any CPU
	EndGlobalSection
	GlobalSection(SolutionProperties) = preSolution
		HideSolutionNode = FALSE
	EndGlobalSection
	GlobalSection(NestedProjects) = preSolution
		{56FBB341-757B-4AE0-A2F8-C3C566B10F49} = {60820C3F-42E2-4BEA-8D64-26BDC6B99F1F}
		{E4F00474-0C54-49FE-B412-FF7610FC551D} = {E38B48E2-B479-48AE-8C83-45435D3972C9}
		{617E7E28-C901-4A2A-84A4-D5DAEB42B08B} = {8F97C4D7-A4D8-4A9C-B4FD-8EB1B75C82EA}
		{70AC7343-800C-411F-9482-5A65B4A08882} = {8F97C4D7-A4D8-4A9C-B4FD-8EB1B75C82EA}
		{15CCEBD1-8B01-44D9-BD04-5D295AACC3CE} = {8F97C4D7-A4D8-4A9C-B4FD-8EB1B75C82EA}
		{A7550178-96F5-4A1D-9FA1-0E07D84DF452} = {545AEFD8-AA2F-44FD-82DC-E35A397D8AB9}
		{FF35295F-C3A8-48C9-A343-C4F9130174CA} = {D3595CEC-A2C0-4AAF-A444-E153EF6519E6}
	EndGlobalSection
	GlobalSection(ExtensibilityGlobals) = postSolution
		SolutionGuid = {4A39C243-BC3E-4568-BF3E-63C83A5854B7}
	EndGlobalSection
EndGlobal
